PODS:
  - BoringSSL-GRPC (0.0.3):
    - BoringSSL-GRPC/Implementation (= 0.0.3)
    - BoringSSL-GRPC/Interface (= 0.0.3)
  - BoringSSL-GRPC/Implementation (0.0.3):
    - BoringSSL-GRPC/Interface (= 0.0.3)
  - BoringSSL-GRPC/Interface (0.0.3)
  - CwlUtils (2.2.0)
  - FirebaseAuth (6.0.0):
    - FirebaseAuthInterop (~> 1.0)
    - FirebaseCore (~> 6.0)
    - GoogleUtilities/AppDelegateSwizzler (~> 6.0)
    - GoogleUtilities/Environment (~> 6.0)
    - GTMSessionFetcher/Core (~> 1.1)
  - FirebaseAuthInterop (1.0.0)
  - FirebaseCore (6.0.0):
    - GoogleUtilities/Environment (~> 6.0)
    - GoogleUtilities/Logger (~> 6.0)
  - FirebaseDatabase (6.0.0):
    - FirebaseAuthInterop (~> 1.0)
    - FirebaseCore (~> 6.0)
    - leveldb-library (~> 1.18)
  - FirebaseFirestore (1.3.0):
    - FirebaseAuthInterop (~> 1.0)
    - FirebaseCore (~> 6.0)
    - FirebaseFirestore/abseil-cpp (= 1.3.0)
    - "gRPC-C++ (= 0.0.8)"
    - leveldb-library (~> 1.20)
    - nanopb (~> 0.3.901)
    - Protobuf (~> 3.1)
  - FirebaseFirestore/abseil-cpp (1.3.0):
    - FirebaseAuthInterop (~> 1.0)
    - FirebaseCore (~> 6.0)
    - "gRPC-C++ (= 0.0.8)"
    - leveldb-library (~> 1.20)
    - nanopb (~> 0.3.901)
    - Protobuf (~> 3.1)
  - FirebaseFunctions (2.5.0):
    - FirebaseAuthInterop (~> 1.0)
    - FirebaseCore (~> 6.0)
    - GTMSessionFetcher/Core (~> 1.1)
  - FirebaseStorage (3.2.0):
    - FirebaseAuthInterop (~> 1.0)
    - FirebaseCore (~> 6.0)
    - GTMSessionFetcher/Core (~> 1.1)
  - GoogleUtilities/AppDelegateSwizzler (6.1.0):
    - GoogleUtilities/Environment
    - GoogleUtilities/Logger
    - GoogleUtilities/Network
  - GoogleUtilities/Environment (6.1.0)
  - GoogleUtilities/Logger (6.1.0):
    - GoogleUtilities/Environment
  - GoogleUtilities/Network (6.1.0):
    - GoogleUtilities/Logger
    - "GoogleUtilities/NSData+zlib"
    - GoogleUtilities/Reachability
  - "GoogleUtilities/NSData+zlib (6.1.0)"
  - GoogleUtilities/Reachability (6.1.0):
    - GoogleUtilities/Logger
  - "gRPC-C++ (0.0.8)":
    - "gRPC-C++/Implementation (= 0.0.8)"
    - "gRPC-C++/Interface (= 0.0.8)"
  - "gRPC-C++/Implementation (0.0.8)":
    - "gRPC-C++/Interface (= 0.0.8)"
    - gRPC-Core (= 1.19.0)
    - nanopb (~> 0.3)
  - "gRPC-C++/Interface (0.0.8)"
  - gRPC-Core (1.19.0):
    - gRPC-Core/Implementation (= 1.19.0)
    - gRPC-Core/Interface (= 1.19.0)
  - gRPC-Core/Implementation (1.19.0):
    - BoringSSL-GRPC (= 0.0.3)
    - gRPC-Core/Interface (= 1.19.0)
    - nanopb (~> 0.3)
  - gRPC-Core/Interface (1.19.0)
  - GTMSessionFetcher/Core (1.2.2)
  - leveldb-library (1.20)
  - nanopb (0.3.901):
    - nanopb/decode (= 0.3.901)
    - nanopb/encode (= 0.3.901)
  - nanopb/decode (0.3.901)
  - nanopb/encode (0.3.901)
  - PINCache (2.3)
  - Protobuf (3.7.0)
  - RxCocoa (4.5.0):
    - RxSwift (>= 4.4.2, ~> 4.4)
  - RxFirebaseStorage (0.3.6):
    - FirebaseStorage (~> 3)
    - RxCocoa (~> 4)
    - RxSwift (~> 4)
  - RxSwift (4.5.0)

DEPENDENCIES:
  - CwlUtils (from `https://github.com/mattgallagher/CwlUtils.git`)
  - FirebaseAuth
  - FirebaseCore
  - FirebaseDatabase
  - FirebaseFirestore
  - FirebaseFunctions
  - FirebaseStorage
  - PINCache
  - RxCocoa (~> 4.0)
  - RxFirebaseStorage
  - RxSwift

SPEC REPOS:
  https://github.com/cocoapods/specs.git:
    - BoringSSL-GRPC
    - FirebaseAuth
    - FirebaseAuthInterop
    - FirebaseCore
    - FirebaseDatabase
    - FirebaseFirestore
    - FirebaseFunctions
    - FirebaseStorage
    - GoogleUtilities
    - "gRPC-C++"
    - gRPC-Core
    - GTMSessionFetcher
    - leveldb-library
    - nanopb
    - PINCache
    - Protobuf
    - RxCocoa
    - RxFirebaseStorage
    - RxSwift

EXTERNAL SOURCES:
  CwlUtils:
    :git: https://github.com/mattgallagher/CwlUtils.git

CHECKOUT OPTIONS:
  CwlUtils:
    :commit: e1384dada38e1a651e3c8b2f4856492fe6108698
    :git: https://github.com/mattgallagher/CwlUtils.git

SPEC CHECKSUMS:
  BoringSSL-GRPC: db8764df3204ccea016e1c8dd15d9a9ad63ff318
  CwlUtils: d36610873fbd40713db03ffa74b1333b45c62bdd
  FirebaseAuth: efc72b0f6fe075d2a6de8d81a6d9de83ef2b47eb
  FirebaseAuthInterop: 0ffa57668be100582bb7643d4fcb7615496c41fc
  FirebaseCore: e38f025287b413255a53acc1945d048a112047f7
  FirebaseDatabase: f48e067716864be2b855cf716b927ef375d6cfa0
  FirebaseFirestore: 0537b2a960a4819fae2834e688e5daeb571c81d6
  FirebaseFunctions: b1a88637946b405dc7a4bbe86c2b71267f9fae19
  FirebaseStorage: ff1e8f1f6cf1557a8694b0ef39d3e72cb60c42ac
  GoogleUtilities: 84df567c76ca84f67b7bb40e769fdd4acc746a10
  "gRPC-C++": 98be881723177d8c4faf5fdffacb582c7b4971a2
  gRPC-Core: bd9472c8daa2e414b9f8038ba667bf56ce0e02b8
  GTMSessionFetcher: 61bb0f61a4cb560030f1222021178008a5727a23
  leveldb-library: 08cba283675b7ed2d99629a4bc5fd052cd2bb6a5
  nanopb: 2901f78ea1b7b4015c860c2fdd1ea2fee1a18d48
  PINCache: ce36ed282031b92fc7733ffe831f474ff80fddc2
  Protobuf: 7a877b7f3e5964e3fce995e2eb323dbc6831bb5a
  RxCocoa: cbf70265dc65a981d4ac982e513c10cf23df24a0
  RxFirebaseStorage: 9b8cdab65d20bafeae724a8e40733b92458f2b1a
  RxSwift: f172070dfd1a93d70a9ab97a5a01166206e1c575

PODFILE CHECKSUM: 318a9699d1a11c7e414207db13eda12772dba072

COCOAPODS: 1.6.0.beta.2
