// !$*UTF8*$!
{
	archiveVersion = 1;
	classes = {
	};
	objectVersion = 50;
	objects = {

/* Begin PBXBuildFile section */
		759C2A3C56DD600DB03B9FAB /* Pods_StudentsManagerMacOSServer.framework in Frameworks */ = {isa = PBXBuildFile; fileRef = F56A57F4DEAFC9A5F5BFAE8A /* Pods_StudentsManagerMacOSServer.framework */; };
		CC778E8122831B2900C51EED /* AppDelegate.swift in Sources */ = {isa = PBXBuildFile; fileRef = CC778E8022831B2900C51EED /* AppDelegate.swift */; };
		CC778E8322831B2900C51EED /* ViewController.swift in Sources */ = {isa = PBXBuildFile; fileRef = CC778E8222831B2900C51EED /* ViewController.swift */; };
		CC778E8522831B2B00C51EED /* Assets.xcassets in Resources */ = {isa = PBXBuildFile; fileRef = CC778E8422831B2B00C51EED /* Assets.xcassets */; };
		CC778E8822831B2B00C51EED /* Main.storyboard in Resources */ = {isa = PBXBuildFile; fileRef = CC778E8622831B2B00C51EED /* Main.storyboard */; };
		CC778E912283201B00C51EED /* GoogleService-Info.plist in Resources */ = {isa = PBXBuildFile; fileRef = CC778E902283201B00C51EED /* GoogleService-Info.plist */; };
		CC778EB4228324D500C51EED /* main.m in Sources */ = {isa = PBXBuildFile; fileRef = CC778EB3228324D400C51EED /* main.m */; };
		CC778EBF2283486700C51EED /* LICENSE in Resources */ = {isa = PBXBuildFile; fileRef = CC778EB62283486600C51EED /* LICENSE */; };
		CC778EC02283486700C51EED /* README.md in Resources */ = {isa = PBXBuildFile; fileRef = CC778EB72283486600C51EED /* README.md */; };
		CC778EC12283486700C51EED /* FIRDocumentReference+Rx.swift in Sources */ = {isa = PBXBuildFile; fileRef = CC778EBA2283486600C51EED /* FIRDocumentReference+Rx.swift */; };
		CC778EC22283486700C51EED /* FIRWriteBatch+Rx.swift in Sources */ = {isa = PBXBuildFile; fileRef = CC778EBB2283486600C51EED /* FIRWriteBatch+Rx.swift */; };
		CC778EC32283486700C51EED /* FIRFirestore+Rx.swift in Sources */ = {isa = PBXBuildFile; fileRef = CC778EBC2283486600C51EED /* FIRFirestore+Rx.swift */; };
		CC778EC42283486700C51EED /* FIRQuery+Rx.swift in Sources */ = {isa = PBXBuildFile; fileRef = CC778EBD2283486600C51EED /* FIRQuery+Rx.swift */; };
		CC778EC52283486700C51EED /* FIRCollectionReference+Rx.swift in Sources */ = {isa = PBXBuildFile; fileRef = CC778EBE2283486600C51EED /* FIRCollectionReference+Rx.swift */; };
		CC778EC8228352D700C51EED /* Types.swift in Sources */ = {isa = PBXBuildFile; fileRef = CC778EC7228352D700C51EED /* Types.swift */; };
		CC778ECA2285A80900C51EED /* UsersDataset.swift in Sources */ = {isa = PBXBuildFile; fileRef = CC778EC92285A80800C51EED /* UsersDataset.swift */; };
		CC778ECE2285ADE800C51EED /* NSFileManager+DirectoryLocations.m in Sources */ = {isa = PBXBuildFile; fileRef = CC778ECD2285ADE800C51EED /* NSFileManager+DirectoryLocations.m */; };
		CC778ED02285C64700C51EED /* QueueWatcher.swift in Sources */ = {isa = PBXBuildFile; fileRef = CC778ECF2285C64700C51EED /* QueueWatcher.swift */; };
		CCF3B2A72286F2E300347CEC /* modelAPI.framework in Frameworks */ = {isa = PBXBuildFile; fileRef = CCF3B2A62286F2E300347CEC /* modelAPI.framework */; };
		CCF3B2A82286F2F800347CEC /* modelAPI.framework in Embed Frameworks */ = {isa = PBXBuildFile; fileRef = CCF3B2A62286F2E300347CEC /* modelAPI.framework */; settings = {ATTRIBUTES = (CodeSignOnCopy, RemoveHeadersOnCopy, ); }; };
		CCF3B2AF2286FB9400347CEC /* ModelApi.mm in Sources */ = {isa = PBXBuildFile; fileRef = CCF3B2AE2286FB9400347CEC /* ModelApi.mm */; };
/* End PBXBuildFile section */

/* Begin PBXCopyFilesBuildPhase section */
		CCF3B2A42286F10700347CEC /* Embed Frameworks */ = {
			isa = PBXCopyFilesBuildPhase;
			buildActionMask = 2147483647;
			dstPath = "";
			dstSubfolderSpec = 10;
			files = (
				CCF3B2A82286F2F800347CEC /* modelAPI.framework in Embed Frameworks */,
			);
			name = "Embed Frameworks";
			runOnlyForDeploymentPostprocessing = 0;
		};
/* End PBXCopyFilesBuildPhase section */

/* Begin PBXFileReference section */
		9691E346B8316D64BFBD2721 /* Pods-StudentsManagerMacOSServer.debug.xcconfig */ = {isa = PBXFileReference; includeInIndex = 1; lastKnownFileType = text.xcconfig; name = "Pods-StudentsManagerMacOSServer.debug.xcconfig"; path = "Target Support Files/Pods-StudentsManagerMacOSServer/Pods-StudentsManagerMacOSServer.debug.xcconfig"; sourceTree = "<group>"; };
		CC778E7D22831B2900C51EED /* StudentsManagerMacOSServer.app */ = {isa = PBXFileReference; explicitFileType = wrapper.application; includeInIndex = 0; path = StudentsManagerMacOSServer.app; sourceTree = BUILT_PRODUCTS_DIR; };
		CC778E8022831B2900C51EED /* AppDelegate.swift */ = {isa = PBXFileReference; lastKnownFileType = sourcecode.swift; path = AppDelegate.swift; sourceTree = "<group>"; };
		CC778E8222831B2900C51EED /* ViewController.swift */ = {isa = PBXFileReference; lastKnownFileType = sourcecode.swift; path = ViewController.swift; sourceTree = "<group>"; };
		CC778E8422831B2B00C51EED /* Assets.xcassets */ = {isa = PBXFileReference; lastKnownFileType = folder.assetcatalog; path = Assets.xcassets; sourceTree = "<group>"; };
		CC778E8722831B2B00C51EED /* Base */ = {isa = PBXFileReference; lastKnownFileType = file.storyboard; name = Base; path = Base.lproj/Main.storyboard; sourceTree = "<group>"; };
		CC778E8922831B2B00C51EED /* Info.plist */ = {isa = PBXFileReference; lastKnownFileType = text.plist.xml; path = Info.plist; sourceTree = "<group>"; };
		CC778E8A22831B2B00C51EED /* StudentsManagerMacOSServer.entitlements */ = {isa = PBXFileReference; lastKnownFileType = text.plist.entitlements; path = StudentsManagerMacOSServer.entitlements; sourceTree = "<group>"; };
		CC778E902283201B00C51EED /* GoogleService-Info.plist */ = {isa = PBXFileReference; fileEncoding = 4; lastKnownFileType = text.plist.xml; path = "GoogleService-Info.plist"; sourceTree = "<group>"; };
		CC778EB2228324D300C51EED /* StudentsManagerMacOSServer-Bridging-Header.h */ = {isa = PBXFileReference; lastKnownFileType = sourcecode.c.h; path = "StudentsManagerMacOSServer-Bridging-Header.h"; sourceTree = "<group>"; };
		CC778EB3228324D400C51EED /* main.m */ = {isa = PBXFileReference; fileEncoding = 4; lastKnownFileType = sourcecode.c.objc; path = main.m; sourceTree = "<group>"; };
		CC778EB62283486600C51EED /* LICENSE */ = {isa = PBXFileReference; fileEncoding = 4; lastKnownFileType = text; path = LICENSE; sourceTree = "<group>"; };
		CC778EB72283486600C51EED /* README.md */ = {isa = PBXFileReference; fileEncoding = 4; lastKnownFileType = net.daringfireball.markdown; path = README.md; sourceTree = "<group>"; };
		CC778EBA2283486600C51EED /* FIRDocumentReference+Rx.swift */ = {isa = PBXFileReference; fileEncoding = 4; lastKnownFileType = sourcecode.swift; path = "FIRDocumentReference+Rx.swift"; sourceTree = "<group>"; };
		CC778EBB2283486600C51EED /* FIRWriteBatch+Rx.swift */ = {isa = PBXFileReference; fileEncoding = 4; lastKnownFileType = sourcecode.swift; path = "FIRWriteBatch+Rx.swift"; sourceTree = "<group>"; };
		CC778EBC2283486600C51EED /* FIRFirestore+Rx.swift */ = {isa = PBXFileReference; fileEncoding = 4; lastKnownFileType = sourcecode.swift; path = "FIRFirestore+Rx.swift"; sourceTree = "<group>"; };
		CC778EBD2283486600C51EED /* FIRQuery+Rx.swift */ = {isa = PBXFileReference; fileEncoding = 4; lastKnownFileType = sourcecode.swift; path = "FIRQuery+Rx.swift"; sourceTree = "<group>"; };
		CC778EBE2283486600C51EED /* FIRCollectionReference+Rx.swift */ = {isa = PBXFileReference; fileEncoding = 4; lastKnownFileType = sourcecode.swift; path = "FIRCollectionReference+Rx.swift"; sourceTree = "<group>"; };
		CC778EC7228352D700C51EED /* Types.swift */ = {isa = PBXFileReference; lastKnownFileType = sourcecode.swift; path = Types.swift; sourceTree = "<group>"; };
		CC778EC92285A80800C51EED /* UsersDataset.swift */ = {isa = PBXFileReference; lastKnownFileType = sourcecode.swift; path = UsersDataset.swift; sourceTree = "<group>"; };
		CC778ECC2285ADE800C51EED /* NSFileManager+DirectoryLocations.h */ = {isa = PBXFileReference; fileEncoding = 4; lastKnownFileType = sourcecode.c.h; path = "NSFileManager+DirectoryLocations.h"; sourceTree = "<group>"; };
		CC778ECD2285ADE800C51EED /* NSFileManager+DirectoryLocations.m */ = {isa = PBXFileReference; fileEncoding = 4; lastKnownFileType = sourcecode.c.objc; path = "NSFileManager+DirectoryLocations.m"; sourceTree = "<group>"; };
		CC778ECF2285C64700C51EED /* QueueWatcher.swift */ = {isa = PBXFileReference; lastKnownFileType = sourcecode.swift; path = QueueWatcher.swift; sourceTree = "<group>"; };
		CCF3B2A62286F2E300347CEC /* modelAPI.framework */ = {isa = PBXFileReference; explicitFileType = wrapper.framework; path = modelAPI.framework; sourceTree = BUILT_PRODUCTS_DIR; };
		CCF3B2AD2286FB9400347CEC /* ModelApi.h */ = {isa = PBXFileReference; lastKnownFileType = sourcecode.c.h; path = ModelApi.h; sourceTree = "<group>"; };
		CCF3B2AE2286FB9400347CEC /* ModelApi.mm */ = {isa = PBXFileReference; lastKnownFileType = sourcecode.cpp.objcpp; path = ModelApi.mm; sourceTree = "<group>"; };
		E06BFA247994B1D8041C55EA /* Pods-StudentsManagerMacOSServer.release.xcconfig */ = {isa = PBXFileReference; includeInIndex = 1; lastKnownFileType = text.xcconfig; name = "Pods-StudentsManagerMacOSServer.release.xcconfig"; path = "Target Support Files/Pods-StudentsManagerMacOSServer/Pods-StudentsManagerMacOSServer.release.xcconfig"; sourceTree = "<group>"; };
		F56A57F4DEAFC9A5F5BFAE8A /* Pods_StudentsManagerMacOSServer.framework */ = {isa = PBXFileReference; explicitFileType = wrapper.framework; includeInIndex = 0; path = Pods_StudentsManagerMacOSServer.framework; sourceTree = BUILT_PRODUCTS_DIR; };
/* End PBXFileReference section */

/* Begin PBXFrameworksBuildPhase section */
		CC778E7A22831B2900C51EED /* Frameworks */ = {
			isa = PBXFrameworksBuildPhase;
			buildActionMask = 2147483647;
			files = (
				CCF3B2A72286F2E300347CEC /* modelAPI.framework in Frameworks */,
				759C2A3C56DD600DB03B9FAB /* Pods_StudentsManagerMacOSServer.framework in Frameworks */,
			);
			runOnlyForDeploymentPostprocessing = 0;
		};
/* End PBXFrameworksBuildPhase section */

/* Begin PBXGroup section */
		1FD257AC048C84E409E0BD03 /* Frameworks */ = {
			isa = PBXGroup;
			children = (
				CCF3B2A62286F2E300347CEC /* modelAPI.framework */,
				F56A57F4DEAFC9A5F5BFAE8A /* Pods_StudentsManagerMacOSServer.framework */,
			);
			name = Frameworks;
			sourceTree = "<group>";
		};
		CC778E7422831B2900C51EED = {
			isa = PBXGroup;
			children = (
				CC778E7F22831B2900C51EED /* StudentsManagerMacOSServer */,
				CC778E7E22831B2900C51EED /* Products */,
				FDACCA4F17D4583C4100AA56 /* Pods */,
				1FD257AC048C84E409E0BD03 /* Frameworks */,
			);
			sourceTree = "<group>";
		};
		CC778E7E22831B2900C51EED /* Products */ = {
			isa = PBXGroup;
			children = (
				CC778E7D22831B2900C51EED /* StudentsManagerMacOSServer.app */,
			);
			name = Products;
			sourceTree = "<group>";
		};
		CC778E7F22831B2900C51EED /* StudentsManagerMacOSServer */ = {
			isa = PBXGroup;
			children = (
				CCF3B2AC2286FB7000347CEC /* ModelApi */,
				CC778ECB2285ADE800C51EED /* NSFileManager_DirectoryLocations */,
				CC778EC6228352C200C51EED /* Api */,
				CC778EB52283486600C51EED /* RxFirebaseFirestore */,
				CC778E8022831B2900C51EED /* AppDelegate.swift */,
				CC778E8222831B2900C51EED /* ViewController.swift */,
				CC778E8422831B2B00C51EED /* Assets.xcassets */,
				CC778E8622831B2B00C51EED /* Main.storyboard */,
				CC778E8922831B2B00C51EED /* Info.plist */,
				CC778E8A22831B2B00C51EED /* StudentsManagerMacOSServer.entitlements */,
				CC778E902283201B00C51EED /* GoogleService-Info.plist */,
				CC778EB3228324D400C51EED /* main.m */,
				CC778EB2228324D300C51EED /* StudentsManagerMacOSServer-Bridging-Header.h */,
			);
			path = StudentsManagerMacOSServer;
			sourceTree = "<group>";
		};
		CC778EB52283486600C51EED /* RxFirebaseFirestore */ = {
			isa = PBXGroup;
			children = (
				CC778EB62283486600C51EED /* LICENSE */,
				CC778EB72283486600C51EED /* README.md */,
				CC778EB82283486600C51EED /* Sources */,
			);
			path = RxFirebaseFirestore;
			sourceTree = "<group>";
		};
		CC778EB82283486600C51EED /* Sources */ = {
			isa = PBXGroup;
			children = (
				CC778EB92283486600C51EED /* Firestore */,
			);
			path = Sources;
			sourceTree = "<group>";
		};
		CC778EB92283486600C51EED /* Firestore */ = {
			isa = PBXGroup;
			children = (
				CC778EBA2283486600C51EED /* FIRDocumentReference+Rx.swift */,
				CC778EBB2283486600C51EED /* FIRWriteBatch+Rx.swift */,
				CC778EBC2283486600C51EED /* FIRFirestore+Rx.swift */,
				CC778EBD2283486600C51EED /* FIRQuery+Rx.swift */,
				CC778EBE2283486600C51EED /* FIRCollectionReference+Rx.swift */,
			);
			path = Firestore;
			sourceTree = "<group>";
		};
		CC778EC6228352C200C51EED /* Api */ = {
			isa = PBXGroup;
			children = (
				CC778EC7228352D700C51EED /* Types.swift */,
				CC778EC92285A80800C51EED /* UsersDataset.swift */,
				CC778ECF2285C64700C51EED /* QueueWatcher.swift */,
			);
			path = Api;
			sourceTree = "<group>";
		};
		CC778ECB2285ADE800C51EED /* NSFileManager_DirectoryLocations */ = {
			isa = PBXGroup;
			children = (
				CC778ECC2285ADE800C51EED /* NSFileManager+DirectoryLocations.h */,
				CC778ECD2285ADE800C51EED /* NSFileManager+DirectoryLocations.m */,
			);
			path = NSFileManager_DirectoryLocations;
			sourceTree = "<group>";
		};
		CCF3B2AC2286FB7000347CEC /* ModelApi */ = {
			isa = PBXGroup;
			children = (
				CCF3B2AD2286FB9400347CEC /* ModelApi.h */,
				CCF3B2AE2286FB9400347CEC /* ModelApi.mm */,
			);
			path = ModelApi;
			sourceTree = "<group>";
		};
		FDACCA4F17D4583C4100AA56 /* Pods */ = {
			isa = PBXGroup;
			children = (
				9691E346B8316D64BFBD2721 /* Pods-StudentsManagerMacOSServer.debug.xcconfig */,
				E06BFA247994B1D8041C55EA /* Pods-StudentsManagerMacOSServer.release.xcconfig */,
			);
			path = Pods;
			sourceTree = "<group>";
		};
/* End PBXGroup section */

/* Begin PBXNativeTarget section */
		CC778E7C22831B2900C51EED /* StudentsManagerMacOSServer */ = {
			isa = PBXNativeTarget;
			buildConfigurationList = CC778E8D22831B2B00C51EED /* Build configuration list for PBXNativeTarget "StudentsManagerMacOSServer" */;
			buildPhases = (
				9C6132CCF1DBBB17ACD6E97A /* [CP] Check Pods Manifest.lock */,
				CC778E7922831B2900C51EED /* Sources */,
				CC778E7A22831B2900C51EED /* Frameworks */,
				CC778E7B22831B2900C51EED /* Resources */,
				CCF3B2A42286F10700347CEC /* Embed Frameworks */,
				78841FF47061907740B2F273 /* [CP] Embed Pods Frameworks */,
			);
			buildRules = (
			);
			dependencies = (
			);
			name = StudentsManagerMacOSServer;
			productName = StudentsManagerMacOSServer;
			productReference = CC778E7D22831B2900C51EED /* StudentsManagerMacOSServer.app */;
			productType = "com.apple.product-type.application";
		};
/* End PBXNativeTarget section */

/* Begin PBXProject section */
		CC778E7522831B2900C51EED /* Project object */ = {
			isa = PBXProject;
			attributes = {
				LastSwiftUpdateCheck = 1020;
				LastUpgradeCheck = 1020;
				ORGANIZATIONNAME = TeamUUUU;
				TargetAttributes = {
					CC778E7C22831B2900C51EED = {
						CreatedOnToolsVersion = 10.2.1;
						LastSwiftMigration = 1020;
						SystemCapabilities = {
							com.apple.Sandbox = {
								enabled = 0;
							};
						};
					};
				};
			};
			buildConfigurationList = CC778E7822831B2900C51EED /* Build configuration list for PBXProject "StudentsManagerMacOSServer" */;
			compatibilityVersion = "Xcode 9.3";
			developmentRegion = en;
			hasScannedForEncodings = 0;
			knownRegions = (
				en,
				Base,
			);
			mainGroup = CC778E7422831B2900C51EED;
			productRefGroup = CC778E7E22831B2900C51EED /* Products */;
			projectDirPath = "";
			projectRoot = "";
			targets = (
				CC778E7C22831B2900C51EED /* StudentsManagerMacOSServer */,
			);
		};
/* End PBXProject section */

/* Begin PBXResourcesBuildPhase section */
		CC778E7B22831B2900C51EED /* Resources */ = {
			isa = PBXResourcesBuildPhase;
			buildActionMask = 2147483647;
			files = (
				CC778E8522831B2B00C51EED /* Assets.xcassets in Resources */,
				CC778E8822831B2B00C51EED /* Main.storyboard in Resources */,
				CC778EC02283486700C51EED /* README.md in Resources */,
				CC778EBF2283486700C51EED /* LICENSE in Resources */,
				CC778E912283201B00C51EED /* GoogleService-Info.plist in Resources */,
			);
			runOnlyForDeploymentPostprocessing = 0;
		};
/* End PBXResourcesBuildPhase section */

/* Begin PBXShellScriptBuildPhase section */
		78841FF47061907740B2F273 /* [CP] Embed Pods Frameworks */ = {
			isa = PBXShellScriptBuildPhase;
			buildActionMask = 2147483647;
			files = (
			);
			inputFileListPaths = (
			);
			inputPaths = (
				"${PODS_ROOT}/Target Support Files/Pods-StudentsManagerMacOSServer/Pods-StudentsManagerMacOSServer-frameworks.sh",
				"${BUILT_PRODUCTS_DIR}/BoringSSL-GRPC/openssl_grpc.framework",
				"${BUILT_PRODUCTS_DIR}/GTMSessionFetcher/GTMSessionFetcher.framework",
				"${BUILT_PRODUCTS_DIR}/GoogleUtilities/GoogleUtilities.framework",
				"${BUILT_PRODUCTS_DIR}/Protobuf/Protobuf.framework",
				"${BUILT_PRODUCTS_DIR}/RxCocoa/RxCocoa.framework",
				"${BUILT_PRODUCTS_DIR}/RxSwift/RxSwift.framework",
				"${BUILT_PRODUCTS_DIR}/gRPC-C++/grpcpp.framework",
				"${BUILT_PRODUCTS_DIR}/gRPC-Core/grpc.framework",
				"${BUILT_PRODUCTS_DIR}/leveldb-library/leveldb.framework",
				"${BUILT_PRODUCTS_DIR}/nanopb/nanopb.framework",
			);
			name = "[CP] Embed Pods Frameworks";
			outputFileListPaths = (
			);
			outputPaths = (
				"${TARGET_BUILD_DIR}/${FRAMEWORKS_FOLDER_PATH}/openssl_grpc.framework",
				"${TARGET_BUILD_DIR}/${FRAMEWORKS_FOLDER_PATH}/GTMSessionFetcher.framework",
				"${TARGET_BUILD_DIR}/${FRAMEWORKS_FOLDER_PATH}/GoogleUtilities.framework",
				"${TARGET_BUILD_DIR}/${FRAMEWORKS_FOLDER_PATH}/Protobuf.framework",
				"${TARGET_BUILD_DIR}/${FRAMEWORKS_FOLDER_PATH}/RxCocoa.framework",
				"${TARGET_BUILD_DIR}/${FRAMEWORKS_FOLDER_PATH}/RxSwift.framework",
				"${TARGET_BUILD_DIR}/${FRAMEWORKS_FOLDER_PATH}/grpcpp.framework",
				"${TARGET_BUILD_DIR}/${FRAMEWORKS_FOLDER_PATH}/grpc.framework",
				"${TARGET_BUILD_DIR}/${FRAMEWORKS_FOLDER_PATH}/leveldb.framework",
				"${TARGET_BUILD_DIR}/${FRAMEWORKS_FOLDER_PATH}/nanopb.framework",
			);
			runOnlyForDeploymentPostprocessing = 0;
			shellPath = /bin/sh;
			shellScript = "\"${PODS_ROOT}/Target Support Files/Pods-StudentsManagerMacOSServer/Pods-StudentsManagerMacOSServer-frameworks.sh\"\n";
			showEnvVarsInLog = 0;
		};
		9C6132CCF1DBBB17ACD6E97A /* [CP] Check Pods Manifest.lock */ = {
			isa = PBXShellScriptBuildPhase;
			buildActionMask = 2147483647;
			files = (
			);
			inputFileListPaths = (
			);
			inputPaths = (
				"${PODS_PODFILE_DIR_PATH}/Podfile.lock",
				"${PODS_ROOT}/Manifest.lock",
			);
			name = "[CP] Check Pods Manifest.lock";
			outputFileListPaths = (
			);
			outputPaths = (
				"$(DERIVED_FILE_DIR)/Pods-StudentsManagerMacOSServer-checkManifestLockResult.txt",
			);
			runOnlyForDeploymentPostprocessing = 0;
			shellPath = /bin/sh;
			shellScript = "diff \"${PODS_PODFILE_DIR_PATH}/Podfile.lock\" \"${PODS_ROOT}/Manifest.lock\" > /dev/null\nif [ $? != 0 ] ; then\n    # print error to STDERR\n    echo \"error: The sandbox is not in sync with the Podfile.lock. Run 'pod install' or update your CocoaPods installation.\" >&2\n    exit 1\nfi\n# This output is used by Xcode 'outputs' to avoid re-running this script phase.\necho \"SUCCESS\" > \"${SCRIPT_OUTPUT_FILE_0}\"\n";
			showEnvVarsInLog = 0;
		};
/* End PBXShellScriptBuildPhase section */

/* Begin PBXSourcesBuildPhase section */
		CC778E7922831B2900C51EED /* Sources */ = {
			isa = PBXSourcesBuildPhase;
			buildActionMask = 2147483647;
			files = (
				CC778EC12283486700C51EED /* FIRDocumentReference+Rx.swift in Sources */,
				CC778EC32283486700C51EED /* FIRFirestore+Rx.swift in Sources */,
				CCF3B2AF2286FB9400347CEC /* ModelApi.mm in Sources */,
				CC778ECE2285ADE800C51EED /* NSFileManager+DirectoryLocations.m in Sources */,
				CC778E8322831B2900C51EED /* ViewController.swift in Sources */,
				CC778ED02285C64700C51EED /* QueueWatcher.swift in Sources */,
				CC778EC52283486700C51EED /* FIRCollectionReference+Rx.swift in Sources */,
				CC778EC42283486700C51EED /* FIRQuery+Rx.swift in Sources */,
				CC778EB4228324D500C51EED /* main.m in Sources */,
				CC778EC8228352D700C51EED /* Types.swift in Sources */,
				CC778EC22283486700C51EED /* FIRWriteBatch+Rx.swift in Sources */,
				CC778E8122831B2900C51EED /* AppDelegate.swift in Sources */,
				CC778ECA2285A80900C51EED /* UsersDataset.swift in Sources */,
			);
			runOnlyForDeploymentPostprocessing = 0;
		};
/* End PBXSourcesBuildPhase section */

/* Begin PBXVariantGroup section */
		CC778E8622831B2B00C51EED /* Main.storyboard */ = {
			isa = PBXVariantGroup;
			children = (
				CC778E8722831B2B00C51EED /* Base */,
			);
			name = Main.storyboard;
			sourceTree = "<group>";
		};
/* End PBXVariantGroup section */

/* Begin XCBuildConfiguration section */
		CC778E8B22831B2B00C51EED /* Debug */ = {
			isa = XCBuildConfiguration;
			buildSettings = {
				ALWAYS_SEARCH_USER_PATHS = NO;
				CLANG_ANALYZER_NONNULL = YES;
				CLANG_ANALYZER_NUMBER_OBJECT_CONVERSION = YES_AGGRESSIVE;
				CLANG_CXX_LANGUAGE_STANDARD = "gnu++14";
				CLANG_CXX_LIBRARY = "libc++";
				CLANG_ENABLE_MODULES = YES;
				CLANG_ENABLE_OBJC_ARC = YES;
				CLANG_ENABLE_OBJC_WEAK = YES;
				CLANG_WARN_BLOCK_CAPTURE_AUTORELEASING = YES;
				CLANG_WARN_BOOL_CONVERSION = YES;
				CLANG_WARN_COMMA = YES;
				CLANG_WARN_CONSTANT_CONVERSION = YES;
				CLANG_WARN_DEPRECATED_OBJC_IMPLEMENTATIONS = YES;
				CLANG_WARN_DIRECT_OBJC_ISA_USAGE = YES_ERROR;
				CLANG_WARN_DOCUMENTATION_COMMENTS = YES;
				CLANG_WARN_EMPTY_BODY = YES;
				CLANG_WARN_ENUM_CONVERSION = YES;
				CLANG_WARN_INFINITE_RECURSION = YES;
				CLANG_WARN_INT_CONVERSION = YES;
				CLANG_WARN_NON_LITERAL_NULL_CONVERSION = YES;
				CLANG_WARN_OBJC_IMPLICIT_RETAIN_SELF = YES;
				CLANG_WARN_OBJC_LITERAL_CONVERSION = YES;
				CLANG_WARN_OBJC_ROOT_CLASS = YES_ERROR;
				CLANG_WARN_RANGE_LOOP_ANALYSIS = YES;
				CLANG_WARN_STRICT_PROTOTYPES = YES;
				CLANG_WARN_SUSPICIOUS_MOVE = YES;
				CLANG_WARN_UNGUARDED_AVAILABILITY = YES_AGGRESSIVE;
				CLANG_WARN_UNREACHABLE_CODE = YES;
				CLANG_WARN__DUPLICATE_METHOD_MATCH = YES;
				CODE_SIGN_IDENTITY = "Mac Developer";
				COPY_PHASE_STRIP = NO;
				DEBUG_INFORMATION_FORMAT = dwarf;
				ENABLE_STRICT_OBJC_MSGSEND = YES;
				ENABLE_TESTABILITY = YES;
				GCC_C_LANGUAGE_STANDARD = gnu11;
				GCC_DYNAMIC_NO_PIC = NO;
				GCC_NO_COMMON_BLOCKS = YES;
				GCC_OPTIMIZATION_LEVEL = 0;
				GCC_PREPROCESSOR_DEFINITIONS = (
					"DEBUG=1",
					"$(inherited)",
				);
				GCC_WARN_64_TO_32_BIT_CONVERSION = YES;
				GCC_WARN_ABOUT_RETURN_TYPE = YES_ERROR;
				GCC_WARN_UNDECLARED_SELECTOR = YES;
				GCC_WARN_UNINITIALIZED_AUTOS = YES_AGGRESSIVE;
				GCC_WARN_UNUSED_FUNCTION = YES;
				GCC_WARN_UNUSED_VARIABLE = YES;
				MACOSX_DEPLOYMENT_TARGET = 10.14;
				MTL_ENABLE_DEBUG_INFO = INCLUDE_SOURCE;
				MTL_FAST_MATH = YES;
				ONLY_ACTIVE_ARCH = YES;
				SDKROOT = macosx;
				SWIFT_ACTIVE_COMPILATION_CONDITIONS = DEBUG;
				SWIFT_OPTIMIZATION_LEVEL = "-Onone";
			};
			name = Debug;
		};
		CC778E8C22831B2B00C51EED /* Release */ = {
			isa = XCBuildConfiguration;
			buildSettings = {
				ALWAYS_SEARCH_USER_PATHS = NO;
				CLANG_ANALYZER_NONNULL = YES;
				CLANG_ANALYZER_NUMBER_OBJECT_CONVERSION = YES_AGGRESSIVE;
				CLANG_CXX_LANGUAGE_STANDARD = "gnu++14";
				CLANG_CXX_LIBRARY = "libc++";
				CLANG_ENABLE_MODULES = YES;
				CLANG_ENABLE_OBJC_ARC = YES;
				CLANG_ENABLE_OBJC_WEAK = YES;
				CLANG_WARN_BLOCK_CAPTURE_AUTORELEASING = YES;
				CLANG_WARN_BOOL_CONVERSION = YES;
				CLANG_WARN_COMMA = YES;
				CLANG_WARN_CONSTANT_CONVERSION = YES;
				CLANG_WARN_DEPRECATED_OBJC_IMPLEMENTATIONS = YES;
				CLANG_WARN_DIRECT_OBJC_ISA_USAGE = YES_ERROR;
				CLANG_WARN_DOCUMENTATION_COMMENTS = YES;
				CLANG_WARN_EMPTY_BODY = YES;
				CLANG_WARN_ENUM_CONVERSION = YES;
				CLANG_WARN_INFINITE_RECURSION = YES;
				CLANG_WARN_INT_CONVERSION = YES;
				CLANG_WARN_NON_LITERAL_NULL_CONVERSION = YES;
				CLANG_WARN_OBJC_IMPLICIT_RETAIN_SELF = YES;
				CLANG_WARN_OBJC_LITERAL_CONVERSION = YES;
				CLANG_WARN_OBJC_ROOT_CLASS = YES_ERROR;
				CLANG_WARN_RANGE_LOOP_ANALYSIS = YES;
				CLANG_WARN_STRICT_PROTOTYPES = YES;
				CLANG_WARN_SUSPICIOUS_MOVE = YES;
				CLANG_WARN_UNGUARDED_AVAILABILITY = YES_AGGRESSIVE;
				CLANG_WARN_UNREACHABLE_CODE = YES;
				CLANG_WARN__DUPLICATE_METHOD_MATCH = YES;
				CODE_SIGN_IDENTITY = "Mac Developer";
				COPY_PHASE_STRIP = NO;
				DEBUG_INFORMATION_FORMAT = "dwarf-with-dsym";
				ENABLE_NS_ASSERTIONS = NO;
				ENABLE_STRICT_OBJC_MSGSEND = YES;
				GCC_C_LANGUAGE_STANDARD = gnu11;
				GCC_NO_COMMON_BLOCKS = YES;
				GCC_WARN_64_TO_32_BIT_CONVERSION = YES;
				GCC_WARN_ABOUT_RETURN_TYPE = YES_ERROR;
				GCC_WARN_UNDECLARED_SELECTOR = YES;
				GCC_WARN_UNINITIALIZED_AUTOS = YES_AGGRESSIVE;
				GCC_WARN_UNUSED_FUNCTION = YES;
				GCC_WARN_UNUSED_VARIABLE = YES;
				MACOSX_DEPLOYMENT_TARGET = 10.14;
				MTL_ENABLE_DEBUG_INFO = NO;
				MTL_FAST_MATH = YES;
				SDKROOT = macosx;
				SWIFT_COMPILATION_MODE = wholemodule;
				SWIFT_OPTIMIZATION_LEVEL = "-O";
			};
			name = Release;
		};
		CC778E8E22831B2B00C51EED /* Debug */ = {
			isa = XCBuildConfiguration;
			baseConfigurationReference = 9691E346B8316D64BFBD2721 /* Pods-StudentsManagerMacOSServer.debug.xcconfig */;
			buildSettings = {
				ASSETCATALOG_COMPILER_APPICON_NAME = AppIcon;
				CLANG_ENABLE_MODULES = YES;
				CODE_SIGN_STYLE = Automatic;
				COMBINE_HIDPI_IMAGES = YES;
				DEVELOPMENT_TEAM = UCTQDPM624;
				INFOPLIST_FILE = StudentsManagerMacOSServer/Info.plist;
				LD_RUNPATH_SEARCH_PATHS = (
					"$(inherited)",
					"@executable_path/../Frameworks",
				);
				PRODUCT_BUNDLE_IDENTIFIER = com.TeamUUUU.StudentsManagerMacOSServer;
				PRODUCT_NAME = "$(TARGET_NAME)";
				SWIFT_OBJC_BRIDGING_HEADER = "StudentsManagerMacOSServer/StudentsManagerMacOSServer-Bridging-Header.h";
				SWIFT_OPTIMIZATION_LEVEL = "-Onone";
				SWIFT_VERSION = 5.0;
			};
			name = Debug;
		};
		CC778E8F22831B2B00C51EED /* Release */ = {
			isa = XCBuildConfiguration;
			baseConfigurationReference = E06BFA247994B1D8041C55EA /* Pods-StudentsManagerMacOSServer.release.xcconfig */;
			buildSettings = {
				ASSETCATALOG_COMPILER_APPICON_NAME = AppIcon;
				CLANG_ENABLE_MODULES = YES;
				CODE_SIGN_STYLE = Automatic;
				COMBINE_HIDPI_IMAGES = YES;
				DEVELOPMENT_TEAM = UCTQDPM624;
				INFOPLIST_FILE = StudentsManagerMacOSServer/Info.plist;
				LD_RUNPATH_SEARCH_PATHS = (
					"$(inherited)",
					"@executable_path/../Frameworks",
				);
				PRODUCT_BUNDLE_IDENTIFIER = com.TeamUUUU.StudentsManagerMacOSServer;
				PRODUCT_NAME = "$(TARGET_NAME)";
				SWIFT_OBJC_BRIDGING_HEADER = "StudentsManagerMacOSServer/StudentsManagerMacOSServer-Bridging-Header.h";
				SWIFT_VERSION = 5.0;
			};
			name = Release;
		};
/* End XCBuildConfiguration section */

/* Begin XCConfigurationList section */
		CC778E7822831B2900C51EED /* Build configuration list for PBXProject "StudentsManagerMacOSServer" */ = {
			isa = XCConfigurationList;
			buildConfigurations = (
				CC778E8B22831B2B00C51EED /* Debug */,
				CC778E8C22831B2B00C51EED /* Release */,
			);
			defaultConfigurationIsVisible = 0;
			defaultConfigurationName = Release;
		};
		CC778E8D22831B2B00C51EED /* Build configuration list for PBXNativeTarget "StudentsManagerMacOSServer" */ = {
			isa = XCConfigurationList;
			buildConfigurations = (
				CC778E8E22831B2B00C51EED /* Debug */,
				CC778E8F22831B2B00C51EED /* Release */,
			);
			defaultConfigurationIsVisible = 0;
			defaultConfigurationName = Release;
		};
/* End XCConfigurationList section */
	};
	rootObject = CC778E7522831B2900C51EED /* Project object */;
}
